
Microsoft Visual Studio Solution File, Format Version 12.00
# Visual Studio Version 16
VisualStudioVersion = 16.0.31005.135
MinimumVisualStudioVersion = 10.0.40219.1
Project("{FAE04EC0-301F-11D3-BF4B-00C04F79EFBC}") = "WorkWithDLL", "WorkWithDLL\WorkWithDLL.csproj", "{A4EE60B9-1210-466C-AA12-4D1E57890210}"
EndProject
Global
	GlobalSection(SolutionConfigurationPlatforms) = preSolution
		Debug|Any CPU = Debug|Any CPU
		Release|Any CPU = Release|Any CPU
	EndGlobalSection
	GlobalSection(ProjectConfigurationPlatforms) = postSolution
		{A4EE60B9-1210-466C-AA12-4D1E57890210}.Debug|Any CPU.ActiveCfg = Debug|Any CPU
		{A4EE60B9-1210-466C-AA12-4D1E57890210}.Debug|Any CPU.Build.0 = Debug|Any CPU
		{A4EE60B9-1210-466C-AA12-4D1E57890210}.Release|Any CPU.ActiveCfg = Release|Any CPU
		{A4EE60B9-1210-466C-AA12-4D1E57890210}.Release|Any CPU.Build.0 = Release|Any CPU
	EndGlobalSection
	GlobalSection(SolutionProperties) = preSolution
		HideSolutionNode = FALSE
	EndGlobalSection
	GlobalSection(ExtensibilityGlobals) = postSolution
		SolutionGuid = {C0FC8004-982B-4112-BE5D-13E6105C0A53}
	EndGlobalSection
EndGlobal
