
Microsoft Visual Studio Solution File, Format Version 12.00
# Visual Studio Version 16
VisualStudioVersion = 16.0.31005.135
MinimumVisualStudioVersion = 10.0.40219.1
Project("{FAE04EC0-301F-11D3-BF4B-00C04F79EFBC}") = "Transport", "Transport\Transport.csproj", "{10FA8A46-457E-4496-A762-AA17D2EB5F73}"
EndProject
Global
	GlobalSection(SolutionConfigurationPlatforms) = preSolution
		Debug|Any CPU = Debug|Any CPU
		Release|Any CPU = Release|Any CPU
	EndGlobalSection
	GlobalSection(ProjectConfigurationPlatforms) = postSolution
		{10FA8A46-457E-4496-A762-AA17D2EB5F73}.Debug|Any CPU.ActiveCfg = Debug|Any CPU
		{10FA8A46-457E-4496-A762-AA17D2EB5F73}.Debug|Any CPU.Build.0 = Debug|Any CPU
		{10FA8A46-457E-4496-A762-AA17D2EB5F73}.Release|Any CPU.ActiveCfg = Release|Any CPU
		{10FA8A46-457E-4496-A762-AA17D2EB5F73}.Release|Any CPU.Build.0 = Release|Any CPU
	EndGlobalSection
	GlobalSection(SolutionProperties) = preSolution
		HideSolutionNode = FALSE
	EndGlobalSection
	GlobalSection(ExtensibilityGlobals) = postSolution
		SolutionGuid = {E81CEB21-89F1-4AB0-AD18-60E9BB3B0051}
	EndGlobalSection
EndGlobal
